
Microsoft Visual Studio Solution File, Format Version 12.00
# Visual Studio 2013
VisualStudioVersion = 12.0.31101.0
MinimumVisualStudioVersion = 10.0.40219.1
Project("{FAE04EC0-301F-11D3-BF4B-00C04F79EFBC}") = "lastfmWeb", "lastfmWeb\lastfmWeb.csproj", "{FEB2A23F-76FA-4DAC-BFE5-9ECFB44CA928}"
EndProject
Project("{FAE04EC0-301F-11D3-BF4B-00C04F79EFBC}") = "lastfmWeb.Tests", "lastfmWeb.Tests\lastfmWeb.Tests.csproj", "{74D36CDB-DA5B-4C64-8662-2C97C52E606C}"
EndProject
Global
	GlobalSection(SolutionConfigurationPlatforms) = preSolution
		Debug|Any CPU = Debug|Any CPU
		Release|Any CPU = Release|Any CPU
	EndGlobalSection
	GlobalSection(ProjectConfigurationPlatforms) = postSolution
		{FEB2A23F-76FA-4DAC-BFE5-9ECFB44CA928}.Debug|Any CPU.ActiveCfg = Debug|Any CPU
		{FEB2A23F-76FA-4DAC-BFE5-9ECFB44CA928}.Debug|Any CPU.Build.0 = Debug|Any CPU
		{FEB2A23F-76FA-4DAC-BFE5-9ECFB44CA928}.Release|Any CPU.ActiveCfg = Release|Any CPU
		{FEB2A23F-76FA-4DAC-BFE5-9ECFB44CA928}.Release|Any CPU.Build.0 = Release|Any CPU
		{74D36CDB-DA5B-4C64-8662-2C97C52E606C}.Debug|Any CPU.ActiveCfg = Debug|Any CPU
		{74D36CDB-DA5B-4C64-8662-2C97C52E606C}.Debug|Any CPU.Build.0 = Debug|Any CPU
		{74D36CDB-DA5B-4C64-8662-2C97C52E606C}.Release|Any CPU.ActiveCfg = Release|Any CPU
		{74D36CDB-DA5B-4C64-8662-2C97C52E606C}.Release|Any CPU.Build.0 = Release|Any CPU
	EndGlobalSection
	GlobalSection(SolutionProperties) = preSolution
		HideSolutionNode = FALSE
	EndGlobalSection
EndGlobal
